
Microsoft Visual Studio Solution File, Format Version 12.00
# Visual Studio Version 16
VisualStudioVersion = 16.0.30907.101
MinimumVisualStudioVersion = 10.0.40219.1
Project("{FAE04EC0-301F-11D3-BF4B-00C04F79EFBC}") = "Latite", "Latite\Latite.csproj", "{BCF70D09-66EC-4EEB-82AE-5BD6657D8BD3}"
EndProject
Project("{8BC9CEB8-8B4A-11D0-8D11-00A0C91BC942}") = "LatiteCore", "LatiteCore\LatiteCore.vcxproj", "{3ACC20D6-4473-497B-B537-5613F27F6672}"
EndProject
Project("{2150E333-8FDC-42A3-9474-1A3956D46DE8}") = "Solution Items", "Solution Items", "{BDAD3B49-51B2-41D0-A937-83C4E0C7CB7A}"
	ProjectSection(SolutionItems) = preProject
		.editorconfig = .editorconfig
	EndProjectSection
EndProject
Global
	GlobalSection(SolutionConfigurationPlatforms) = preSolution
		Debug|Any CPU = Debug|Any CPU
		Debug|x64 = Debug|x64
		Debug|x86 = Debug|x86
		Release|Any CPU = Release|Any CPU
		Release|x64 = Release|x64
		Release|x86 = Release|x86
	EndGlobalSection
	GlobalSection(ProjectConfigurationPlatforms) = postSolution
		{BCF70D09-66EC-4EEB-82AE-5BD6657D8BD3}.Debug|Any CPU.ActiveCfg = Debug|Any CPU
		{BCF70D09-66EC-4EEB-82AE-5BD6657D8BD3}.Debug|Any CPU.Build.0 = Debug|Any CPU
		{BCF70D09-66EC-4EEB-82AE-5BD6657D8BD3}.Debug|x64.ActiveCfg = Debug|x64
		{BCF70D09-66EC-4EEB-82AE-5BD6657D8BD3}.Debug|x64.Build.0 = Debug|x64
		{BCF70D09-66EC-4EEB-82AE-5BD6657D8BD3}.Debug|x86.ActiveCfg = Debug|Any CPU
		{BCF70D09-66EC-4EEB-82AE-5BD6657D8BD3}.Debug|x86.Build.0 = Debug|Any CPU
		{BCF70D09-66EC-4EEB-82AE-5BD6657D8BD3}.Release|Any CPU.ActiveCfg = Release|Any CPU
		{BCF70D09-66EC-4EEB-82AE-5BD6657D8BD3}.Release|Any CPU.Build.0 = Release|Any CPU
		{BCF70D09-66EC-4EEB-82AE-5BD6657D8BD3}.Release|x64.ActiveCfg = Release|x64
		{BCF70D09-66EC-4EEB-82AE-5BD6657D8BD3}.Release|x64.Build.0 = Release|x64
		{BCF70D09-66EC-4EEB-82AE-5BD6657D8BD3}.Release|x86.ActiveCfg = Release|Any CPU
		{BCF70D09-66EC-4EEB-82AE-5BD6657D8BD3}.Release|x86.Build.0 = Release|Any CPU
		{3ACC20D6-4473-497B-B537-5613F27F6672}.Debug|Any CPU.ActiveCfg = Debug|Win32
		{3ACC20D6-4473-497B-B537-5613F27F6672}.Debug|x64.ActiveCfg = Debug|x64
		{3ACC20D6-4473-497B-B537-5613F27F6672}.Debug|x64.Build.0 = Debug|x64
		{3ACC20D6-4473-497B-B537-5613F27F6672}.Debug|x86.ActiveCfg = Debug|Win32
		{3ACC20D6-4473-497B-B537-5613F27F6672}.Debug|x86.Build.0 = Debug|Win32
		{3ACC20D6-4473-497B-B537-5613F27F6672}.Release|Any CPU.ActiveCfg = Release|Win32
		{3ACC20D6-4473-497B-B537-5613F27F6672}.Release|x64.ActiveCfg = Release|x64
		{3ACC20D6-4473-497B-B537-5613F27F6672}.Release|x64.Build.0 = Release|x64
		{3ACC20D6-4473-497B-B537-5613F27F6672}.Release|x86.ActiveCfg = Release|Win32
		{3ACC20D6-4473-497B-B537-5613F27F6672}.Release|x86.Build.0 = Release|Win32
	EndGlobalSection
	GlobalSection(SolutionProperties) = preSolution
		HideSolutionNode = FALSE
	EndGlobalSection
	GlobalSection(ExtensibilityGlobals) = postSolution
		SolutionGuid = {81A650CB-0A90-4ED9-AEC3-C08997052966}
	EndGlobalSection
EndGlobal
