<?xml version="1.0" encoding="utf-8"?>
<Project ToolsVersion="4.0" xmlns="http://schemas.microsoft.com/developer/msbuild/2003">
  <ItemGroup>
    <Filter Include="Source Files">
      <UniqueIdentifier>{4FC737F1-C7A5-4376-A066-2A32D752A2FF}</UniqueIdentifier>
      <Extensions>cpp;c;cc;cxx;c++;cppm;ixx;def;odl;idl;hpj;bat;asm;asmx</Extensions>
    </Filter>
    <Filter Include="Header Files">
      <UniqueIdentifier>{93995380-89BD-4b04-88EB-625FBE52EBFB}</UniqueIdentifier>
      <Extensions>h;hh;hpp;hxx;h++;hm;inl;inc;ipp;xsd</Extensions>
    </Filter>
    <Filter Include="Resource Files">
      <UniqueIdentifier>{67DA6AB6-F800-4c08-8B7A-83BB121AAD01}</UniqueIdentifier>
      <Extensions>rc;ico;cur;bmp;dlg;rc2;rct;bin;rgs;gif;jpg;jpeg;jpe;resx;tiff;tif;png;wav;mfcribbon-ms</Extensions>
    </Filter>
    <Filter Include="Source Files\Mods">
      <UniqueIdentifier>{a42b5fbf-9f30-488e-9949-f5c0e50123f1}</UniqueIdentifier>
    </Filter>
    <Filter Include="Source Files\Tools">
      <UniqueIdentifier>{6496c1e4-6d1a-46f7-87cb-7987e490f300}</UniqueIdentifier>
    </Filter>
    <Filter Include="Source Files\Config">
      <UniqueIdentifier>{5f77459e-065e-4519-8e07-7176e56a9f65}</UniqueIdentifier>
    </Filter>
    <Filter Include="Source Files\AppStorage">
      <UniqueIdentifier>{7541123a-638e-44fa-8865-4d68b844c07d}</UniqueIdentifier>
    </Filter>
  </ItemGroup>
  <ItemGroup>
    <ClInclude Include="dllmain.h">
      <Filter>Source Files</Filter>
    </ClInclude>
    <ClInclude Include="Config\Config.h">
      <Filter>Source Files\Tools</Filter>
    </ClInclude>
    <ClInclude Include="Utils\memory.h">
      <Filter>Source Files\Tools</Filter>
    </ClInclude>
    <ClInclude Include="Utils\SA_utils.h">
      <Filter>Source Files\Tools</Filter>
    </ClInclude>
    <ClInclude Include="Utils\server_mod_disabler.h">
      <Filter>Source Files\Tools</Filter>
    </ClInclude>
    <ClInclude Include="Mods\Fullbright.h">
      <Filter>Source Files\Mods</Filter>
    </ClInclude>
    <ClInclude Include="Mods\LookBehind.h">
      <Filter>Source Files\Mods</Filter>
    </ClInclude>
    <ClInclude Include="Mods\ModManager.h">
      <Filter>Source Files\Mods</Filter>
    </ClInclude>
    <ClInclude Include="Mods\TimeChanger.h">
      <Filter>Source Files\Mods</Filter>
    </ClInclude>
    <ClInclude Include="Mods\ToggleSprint.h">
      <Filter>Source Files\Mods</Filter>
    </ClInclude>
    <ClInclude Include="Mods\Zoom.h">
      <Filter>Source Files\Mods</Filter>
    </ClInclude>
    <ClInclude Include="Utils\LocalPlayer.h">
      <Filter>Source Files\Tools</Filter>
    </ClInclude>
    <ClInclude Include="Mods\Freelook.h">
      <Filter>Header Files</Filter>
    </ClInclude>
    <ClInclude Include="Utils\HookDef.h">
      <Filter>Header Files</Filter>
    </ClInclude>
  </ItemGroup>
  <ItemGroup>
    <ClCompile Include="dllmain.cpp">
      <Filter>Source Files</Filter>
    </ClCompile>
    <ClCompile Include="Config\Config.cpp">
      <Filter>Source Files\Tools</Filter>
    </ClCompile>
    <ClCompile Include="Utils\memory.cpp">
      <Filter>Source Files\Tools</Filter>
    </ClCompile>
    <ClCompile Include="Utils\SA_utils.cpp">
      <Filter>Source Files\Tools</Filter>
    </ClCompile>
    <ClCompile Include="Utils\server_mod_disabler.cpp">
      <Filter>Source Files\Tools</Filter>
    </ClCompile>
    <ClCompile Include="Mods\Fullbright.cpp">
      <Filter>Source Files\Mods</Filter>
    </ClCompile>
    <ClCompile Include="Mods\LookBehind.cpp">
      <Filter>Source Files\Mods</Filter>
    </ClCompile>
    <ClCompile Include="Mods\ModManager.cpp">
      <Filter>Source Files\Mods</Filter>
    </ClCompile>
    <ClCompile Include="Mods\TimeChanger.cpp">
      <Filter>Source Files\Mods</Filter>
    </ClCompile>
    <ClCompile Include="Mods\ToggleSprint.cpp">
      <Filter>Source Files\Mods</Filter>
    </ClCompile>
    <ClCompile Include="Mods\Zoom.cpp">
      <Filter>Source Files\Mods</Filter>
    </ClCompile>
    <ClCompile Include="Utils\LocalPlayer.cpp">
      <Filter>Source Files\Tools</Filter>
    </ClCompile>
    <ClCompile Include="Mods\Freelook.cpp">
      <Filter>Source Files</Filter>
    </ClCompile>
  </ItemGroup>
  <ItemGroup>
    <Text Include="Config\settings.txt">
      <Filter>Source Files\Config</Filter>
    </Text>
    <Text Include="Resources\info.txt">
      <Filter>Source Files\Config</Filter>
    </Text>
  </ItemGroup>
  <ItemGroup>
    <None Include="Resources\servers.txt">
      <Filter>Source Files\Config</Filter>
    </None>
    <None Include="cpp.hint" />
  </ItemGroup>
</Project>