<?xml version="1.0" encoding="utf-8"?>
<Project ToolsVersion="4.0" xmlns="http://schemas.microsoft.com/developer/msbuild/2003">
  <ItemGroup>
    <Filter Include="Source Files">
      <UniqueIdentifier>{4FC737F1-C7A5-4376-A066-2A32D752A2FF}</UniqueIdentifier>
      <Extensions>cpp;c;cc;cxx;c++;cppm;ixx;def;odl;idl;hpj;bat;asm;asmx</Extensions>
    </Filter>
    <Filter Include="Header Files">
      <UniqueIdentifier>{93995380-89BD-4b04-88EB-625FBE52EBFB}</UniqueIdentifier>
      <Extensions>h;hh;hpp;hxx;h++;hm;inl;inc;ipp;xsd</Extensions>
    </Filter>
    <Filter Include="Resource Files">
      <UniqueIdentifier>{67DA6AB6-F800-4c08-8B7A-83BB121AAD01}</UniqueIdentifier>
      <Extensions>rc;ico;cur;bmp;dlg;rc2;rct;bin;rgs;gif;jpg;jpeg;jpe;resx;tiff;tif;png;wav;mfcribbon-ms</Extensions>
    </Filter>
    <Filter Include="Source Files\Mods">
      <UniqueIdentifier>{a42b5fbf-9f30-488e-9949-f5c0e50123f1}</UniqueIdentifier>
    </Filter>
    <Filter Include="Source Files\Tools">
      <UniqueIdentifier>{6496c1e4-6d1a-46f7-87cb-7987e490f300}</UniqueIdentifier>
    </Filter>
  </ItemGroup>
  <ItemGroup>
    <ClInclude Include="dllmain.h">
      <Filter>Source Files</Filter>
    </ClInclude>
    <ClInclude Include="Mods\ModManager.h">
      <Filter>Source Files\Mods</Filter>
    </ClInclude>
    <ClInclude Include="Mods\Zoom.h">
      <Filter>Source Files\Mods</Filter>
    </ClInclude>
    <ClInclude Include="Config.h">
      <Filter>Source Files\Tools</Filter>
    </ClInclude>
    <ClInclude Include="LocalPlayer.h">
      <Filter>Source Files\Tools</Filter>
    </ClInclude>
    <ClInclude Include="LookBehind.h">
      <Filter>Source Files\Mods</Filter>
    </ClInclude>
    <ClInclude Include="rich_presence.h">
      <Filter>Source Files\Tools</Filter>
    </ClInclude>
    <ClInclude Include="ToggleSprint.h">
      <Filter>Source Files\Mods</Filter>
    </ClInclude>
    <ClInclude Include="memory.h">
      <Filter>Source Files\Tools</Filter>
    </ClInclude>
  </ItemGroup>
  <ItemGroup>
    <ClCompile Include="dllmain.cpp">
      <Filter>Source Files</Filter>
    </ClCompile>
    <ClCompile Include="Mods\ModManager.cpp">
      <Filter>Source Files\Mods</Filter>
    </ClCompile>
    <ClCompile Include="Mods\Zoom.cpp">
      <Filter>Source Files\Mods</Filter>
    </ClCompile>
    <ClCompile Include="Config.cpp">
      <Filter>Source Files\Tools</Filter>
    </ClCompile>
    <ClCompile Include="LocalPlayer.cpp">
      <Filter>Source Files\Tools</Filter>
    </ClCompile>
    <ClCompile Include="LookBehind.cpp">
      <Filter>Source Files\Mods</Filter>
    </ClCompile>
    <ClCompile Include="rich_presence.cpp">
      <Filter>Source Files\Tools</Filter>
    </ClCompile>
    <ClCompile Include="ToggleSprint.cpp">
      <Filter>Source Files\Mods</Filter>
    </ClCompile>
    <ClCompile Include="memory.cpp">
      <Filter>Source Files\Tools</Filter>
    </ClCompile>
  </ItemGroup>
</Project>